dependencies:
- name: memcached
  repository: https://charts.bitnami.com/bitnami
  version: 6.0.3
- name: redis
  repository: https://charts.bitnami.com/bitnami
  version: 16.5.2
digest: sha256:70b0da0e3190ec97232c364b02a618d88af6940d57636a1df46acf1556152c2e
generated: "2022-03-09T17:00:55.819081176Z"
